// !$*UTF8*$!
{
	archiveVersion = 1;
	classes = {
	};
	objectVersion = 46;
	objects = {

/* Begin PBXBuildFile section */
		1800B8711FC1E26C00855EEC /* LaunchScreen.xib in Resources */ = {isa = PBXBuildFile; fileRef = 1800B8701FC1E26C00855EEC /* LaunchScreen.xib */; };
		7B8FA23D1B72275A00B1E765 /* AppDelegate.swift in Sources */ = {isa = PBXBuildFile; fileRef = 7B8FA23C1B72275A00B1E765 /* AppDelegate.swift */; };
		7B8FA23F1B72275A00B1E765 /* ViewController.swift in Sources */ = {isa = PBXBuildFile; fileRef = 7B8FA23E1B72275A00B1E765 /* ViewController.swift */; };
		7B8FA2421B72275A00B1E765 /* Main.storyboard in Resources */ = {isa = PBXBuildFile; fileRef = 7B8FA2401B72275A00B1E765 /* Main.storyboard */; };
		7B8FA2441B72275A00B1E765 /* Assets.xcassets in Resources */ = {isa = PBXBuildFile; fileRef = 7B8FA2431B72275A00B1E765 /* Assets.xcassets */; };
		7B8FA27D1B724A7400B1E765 /* Flights.json in Resources */ = {isa = PBXBuildFile; fileRef = 7B8FA27C1B724A7400B1E765 /* Flights.json */; };
		7B8FA2801B724A9900B1E765 /* Flight.swift in Sources */ = {isa = PBXBuildFile; fileRef = 7B8FA27F1B724A9900B1E765 /* Flight.swift */; };
		7B8FA28C1B72893300B1E765 /* QRCode.swift in Sources */ = {isa = PBXBuildFile; fileRef = 7B8FA2891B72893300B1E765 /* QRCode.swift */; };
		7B8FA28D1B72893300B1E765 /* UIImageViewExtension.swift in Sources */ = {isa = PBXBuildFile; fileRef = 7B8FA28A1B72893300B1E765 /* UIImageViewExtension.swift */; };
		D0CCBDAF207BEB1A00CB955F /* Interface.storyboard in Resources */ = {isa = PBXBuildFile; fileRef = D0CCBDAD207BEB1A00CB955F /* Interface.storyboard */; };
		D0CCBDB1207BEB1B00CB955F /* Assets.xcassets in Resources */ = {isa = PBXBuildFile; fileRef = D0CCBDB0207BEB1B00CB955F /* Assets.xcassets */; };
		D0CCBDB8207BEB1C00CB955F /* watch Extension.appex in Embed App Extensions */ = {isa = PBXBuildFile; fileRef = D0CCBDB7207BEB1C00CB955F /* watch Extension.appex */; settings = {ATTRIBUTES = (RemoveHeadersOnCopy, ); }; };
		D0CCBDBF207BEB1F00CB955F /* ExtensionDelegate.swift in Sources */ = {isa = PBXBuildFile; fileRef = D0CCBDBE207BEB1F00CB955F /* ExtensionDelegate.swift */; };
		D0CCBDC1207BEB2100CB955F /* Assets.xcassets in Resources */ = {isa = PBXBuildFile; fileRef = D0CCBDC0207BEB2100CB955F /* Assets.xcassets */; };
		D0CCBDC5207BEB2100CB955F /* watch.app in Embed Watch Content */ = {isa = PBXBuildFile; fileRef = D0CCBDAB207BEB1500CB955F /* watch.app */; };
		D0CCBDCD207BECBC00CB955F /* Flights.json in Resources */ = {isa = PBXBuildFile; fileRef = 7B8FA27C1B724A7400B1E765 /* Flights.json */; };
		D0CCBDCE207BECD300CB955F /* Flight.swift in Sources */ = {isa = PBXBuildFile; fileRef = 7B8FA27F1B724A9900B1E765 /* Flight.swift */; };
		D0CCBDD0207BF2F900CB955F /* FlightInterfaceController.swift in Sources */ = {isa = PBXBuildFile; fileRef = D0CCBDCF207BF2F900CB955F /* FlightInterfaceController.swift */; };
/* End PBXBuildFile section */

/* Begin PBXContainerItemProxy section */
		D0CCBDB9207BEB1C00CB955F /* PBXContainerItemProxy */ = {
			isa = PBXContainerItemProxy;
			containerPortal = 7B8FA2311B72275A00B1E765 /* Project object */;
			proxyType = 1;
			remoteGlobalIDString = D0CCBDB6207BEB1C00CB955F;
			remoteInfo = "watch Extension";
		};
		D0CCBDC3207BEB2100CB955F /* PBXContainerItemProxy */ = {
			isa = PBXContainerItemProxy;
			containerPortal = 7B8FA2311B72275A00B1E765 /* Project object */;
			proxyType = 1;
			remoteGlobalIDString = D0CCBDAA207BEB1500CB955F;
			remoteInfo = watch;
		};
/* End PBXContainerItemProxy section */

/* Begin PBXCopyFilesBuildPhase section */
		7B8FA2721B72277000B1E765 /* Embed Watch Content */ = {
			isa = PBXCopyFilesBuildPhase;
			buildActionMask = 2147483647;
			dstPath = "$(CONTENTS_FOLDER_PATH)/Watch";
			dstSubfolderSpec = 16;
			files = (
				D0CCBDC5207BEB2100CB955F /* watch.app in Embed Watch Content */,
			);
			name = "Embed Watch Content";
			runOnlyForDeploymentPostprocessing = 0;
		};
		D0CCBDCB207BEB2200CB955F /* Embed App Extensions */ = {
			isa = PBXCopyFilesBuildPhase;
			buildActionMask = 2147483647;
			dstPath = "";
			dstSubfolderSpec = 13;
			files = (
				D0CCBDB8207BEB1C00CB955F /* watch Extension.appex in Embed App Extensions */,
			);
			name = "Embed App Extensions";
			runOnlyForDeploymentPostprocessing = 0;
		};
/* End PBXCopyFilesBuildPhase section */

/* Begin PBXFileReference section */
		1800B8701FC1E26C00855EEC /* LaunchScreen.xib */ = {isa = PBXFileReference; fileEncoding = 4; lastKnownFileType = file.xib; path = LaunchScreen.xib; sourceTree = "<group>"; };
		40113A891F5A4F760089A5C1 /* README.md */ = {isa = PBXFileReference; lastKnownFileType = net.daringfireball.markdown; path = README.md; sourceTree = "<group>"; };
		7B8FA2391B72275A00B1E765 /* AirAber.app */ = {isa = PBXFileReference; explicitFileType = wrapper.application; includeInIndex = 0; path = AirAber.app; sourceTree = BUILT_PRODUCTS_DIR; };
		7B8FA23C1B72275A00B1E765 /* AppDelegate.swift */ = {isa = PBXFileReference; lastKnownFileType = sourcecode.swift; path = AppDelegate.swift; sourceTree = "<group>"; };
		7B8FA23E1B72275A00B1E765 /* ViewController.swift */ = {isa = PBXFileReference; lastKnownFileType = sourcecode.swift; path = ViewController.swift; sourceTree = "<group>"; };
		7B8FA2411B72275A00B1E765 /* Base */ = {isa = PBXFileReference; lastKnownFileType = file.storyboard; name = Base; path = Base.lproj/Main.storyboard; sourceTree = "<group>"; };
		7B8FA2431B72275A00B1E765 /* Assets.xcassets */ = {isa = PBXFileReference; lastKnownFileType = folder.assetcatalog; path = Assets.xcassets; sourceTree = "<group>"; };
		7B8FA2481B72275A00B1E765 /* Info.plist */ = {isa = PBXFileReference; lastKnownFileType = text.plist.xml; path = Info.plist; sourceTree = "<group>"; };
		7B8FA27C1B724A7400B1E765 /* Flights.json */ = {isa = PBXFileReference; fileEncoding = 4; lastKnownFileType = text.json; path = Flights.json; sourceTree = "<group>"; };
		7B8FA27F1B724A9900B1E765 /* Flight.swift */ = {isa = PBXFileReference; fileEncoding = 4; lastKnownFileType = sourcecode.swift; path = Flight.swift; sourceTree = "<group>"; };
		7B8FA2891B72893300B1E765 /* QRCode.swift */ = {isa = PBXFileReference; fileEncoding = 4; lastKnownFileType = sourcecode.swift; path = QRCode.swift; sourceTree = "<group>"; };
		7B8FA28A1B72893300B1E765 /* UIImageViewExtension.swift */ = {isa = PBXFileReference; fileEncoding = 4; lastKnownFileType = sourcecode.swift; path = UIImageViewExtension.swift; sourceTree = "<group>"; };
		D0CCBDAB207BEB1500CB955F /* watch.app */ = {isa = PBXFileReference; explicitFileType = wrapper.application; includeInIndex = 0; path = watch.app; sourceTree = BUILT_PRODUCTS_DIR; };
		D0CCBDAE207BEB1A00CB955F /* Base */ = {isa = PBXFileReference; lastKnownFileType = file.storyboard; name = Base; path = Base.lproj/Interface.storyboard; sourceTree = "<group>"; };
		D0CCBDB0207BEB1B00CB955F /* Assets.xcassets */ = {isa = PBXFileReference; lastKnownFileType = folder.assetcatalog; path = Assets.xcassets; sourceTree = "<group>"; };
		D0CCBDB2207BEB1B00CB955F /* Info.plist */ = {isa = PBXFileReference; lastKnownFileType = text.plist.xml; path = Info.plist; sourceTree = "<group>"; };
		D0CCBDB7207BEB1C00CB955F /* watch Extension.appex */ = {isa = PBXFileReference; explicitFileType = "wrapper.app-extension"; includeInIndex = 0; path = "watch Extension.appex"; sourceTree = BUILT_PRODUCTS_DIR; };
		D0CCBDBE207BEB1F00CB955F /* ExtensionDelegate.swift */ = {isa = PBXFileReference; lastKnownFileType = sourcecode.swift; path = ExtensionDelegate.swift; sourceTree = "<group>"; };
		D0CCBDC0207BEB2100CB955F /* Assets.xcassets */ = {isa = PBXFileReference; lastKnownFileType = folder.assetcatalog; path = Assets.xcassets; sourceTree = "<group>"; };
		D0CCBDC2207BEB2100CB955F /* Info.plist */ = {isa = PBXFileReference; lastKnownFileType = text.plist.xml; path = Info.plist; sourceTree = "<group>"; };
		D0CCBDCF207BF2F900CB955F /* FlightInterfaceController.swift */ = {isa = PBXFileReference; lastKnownFileType = sourcecode.swift; path = FlightInterfaceController.swift; sourceTree = "<group>"; };
/* End PBXFileReference section */

/* Begin PBXFrameworksBuildPhase section */
		7B8FA2361B72275A00B1E765 /* Frameworks */ = {
			isa = PBXFrameworksBuildPhase;
			buildActionMask = 2147483647;
			files = (
			);
			runOnlyForDeploymentPostprocessing = 0;
		};
		D0CCBDB4207BEB1C00CB955F /* Frameworks */ = {
			isa = PBXFrameworksBuildPhase;
			buildActionMask = 2147483647;
			files = (
			);
			runOnlyForDeploymentPostprocessing = 0;
		};
/* End PBXFrameworksBuildPhase section */

/* Begin PBXGroup section */
		7B8FA2301B72275A00B1E765 = {
			isa = PBXGroup;
			children = (
				40113A891F5A4F760089A5C1 /* README.md */,
				7B8FA23B1B72275A00B1E765 /* AirAber */,
				7B8FA27B1B724A7400B1E765 /* Shared */,
				D0CCBDAC207BEB1600CB955F /* watch */,
				D0CCBDBB207BEB1C00CB955F /* watch Extension */,
				7B8FA23A1B72275A00B1E765 /* Products */,
			);
			indentWidth = 2;
			sourceTree = "<group>";
			tabWidth = 2;
		};
		7B8FA23A1B72275A00B1E765 /* Products */ = {
			isa = PBXGroup;
			children = (
				7B8FA2391B72275A00B1E765 /* AirAber.app */,
				D0CCBDAB207BEB1500CB955F /* watch.app */,
				D0CCBDB7207BEB1C00CB955F /* watch Extension.appex */,
			);
			name = Products;
			sourceTree = "<group>";
		};
		7B8FA23B1B72275A00B1E765 /* AirAber */ = {
			isa = PBXGroup;
			children = (
				7B8FA2861B72893300B1E765 /* Vendor */,
				7B8FA23C1B72275A00B1E765 /* AppDelegate.swift */,
				7B8FA23E1B72275A00B1E765 /* ViewController.swift */,
				7B8FA2401B72275A00B1E765 /* Main.storyboard */,
				1800B8701FC1E26C00855EEC /* LaunchScreen.xib */,
				7B8FA2431B72275A00B1E765 /* Assets.xcassets */,
				7B8FA2481B72275A00B1E765 /* Info.plist */,
			);
			path = AirAber;
			sourceTree = "<group>";
		};
		7B8FA27B1B724A7400B1E765 /* Shared */ = {
			isa = PBXGroup;
			children = (
				7B8FA27C1B724A7400B1E765 /* Flights.json */,
				7B8FA27F1B724A9900B1E765 /* Flight.swift */,
			);
			path = Shared;
			sourceTree = "<group>";
		};
		7B8FA2861B72893300B1E765 /* Vendor */ = {
			isa = PBXGroup;
			children = (
				7B8FA2871B72893300B1E765 /* QRCode */,
			);
			path = Vendor;
			sourceTree = "<group>";
		};
		7B8FA2871B72893300B1E765 /* QRCode */ = {
			isa = PBXGroup;
			children = (
				7B8FA2891B72893300B1E765 /* QRCode.swift */,
				7B8FA28A1B72893300B1E765 /* UIImageViewExtension.swift */,
			);
			path = QRCode;
			sourceTree = "<group>";
		};
		D0CCBDAC207BEB1600CB955F /* watch */ = {
			isa = PBXGroup;
			children = (
				D0CCBDAD207BEB1A00CB955F /* Interface.storyboard */,
				D0CCBDB0207BEB1B00CB955F /* Assets.xcassets */,
				D0CCBDB2207BEB1B00CB955F /* Info.plist */,
			);
			path = watch;
			sourceTree = "<group>";
		};
		D0CCBDBB207BEB1C00CB955F /* watch Extension */ = {
			isa = PBXGroup;
			children = (
				D0CCBDBE207BEB1F00CB955F /* ExtensionDelegate.swift */,
				D0CCBDC0207BEB2100CB955F /* Assets.xcassets */,
				D0CCBDC2207BEB2100CB955F /* Info.plist */,
				D0CCBDCF207BF2F900CB955F /* FlightInterfaceController.swift */,
			);
			path = "watch Extension";
			sourceTree = "<group>";
		};
/* End PBXGroup section */

/* Begin PBXNativeTarget section */
		7B8FA2381B72275A00B1E765 /* AirAber */ = {
			isa = PBXNativeTarget;
			buildConfigurationList = 7B8FA24B1B72275A00B1E765 /* Build configuration list for PBXNativeTarget "AirAber" */;
			buildPhases = (
				7B8FA2351B72275A00B1E765 /* Sources */,
				7B8FA2361B72275A00B1E765 /* Frameworks */,
				7B8FA2371B72275A00B1E765 /* Resources */,
				7B8FA2721B72277000B1E765 /* Embed Watch Content */,
			);
			buildRules = (
			);
			dependencies = (
				D0CCBDC4207BEB2100CB955F /* PBXTargetDependency */,
			);
			name = AirAber;
			productName = AirAber;
			productReference = 7B8FA2391B72275A00B1E765 /* AirAber.app */;
			productType = "com.apple.product-type.application";
		};
		D0CCBDAA207BEB1500CB955F /* watch */ = {
			isa = PBXNativeTarget;
			buildConfigurationList = D0CCBDCC207BEB2200CB955F /* Build configuration list for PBXNativeTarget "watch" */;
			buildPhases = (
				D0CCBDA9207BEB1500CB955F /* Resources */,
				D0CCBDCB207BEB2200CB955F /* Embed App Extensions */,
			);
			buildRules = (
			);
			dependencies = (
				D0CCBDBA207BEB1C00CB955F /* PBXTargetDependency */,
			);
			name = watch;
			productName = watch;
			productReference = D0CCBDAB207BEB1500CB955F /* watch.app */;
			productType = "com.apple.product-type.application.watchapp2";
		};
		D0CCBDB6207BEB1C00CB955F /* watch Extension */ = {
			isa = PBXNativeTarget;
			buildConfigurationList = D0CCBDCA207BEB2100CB955F /* Build configuration list for PBXNativeTarget "watch Extension" */;
			buildPhases = (
				D0CCBDB3207BEB1C00CB955F /* Sources */,
				D0CCBDB4207BEB1C00CB955F /* Frameworks */,
				D0CCBDB5207BEB1C00CB955F /* Resources */,
			);
			buildRules = (
			);
			dependencies = (
			);
			name = "watch Extension";
			productName = "watch Extension";
			productReference = D0CCBDB7207BEB1C00CB955F /* watch Extension.appex */;
			productType = "com.apple.product-type.watchkit2-extension";
		};
/* End PBXNativeTarget section */

/* Begin PBXProject section */
		7B8FA2311B72275A00B1E765 /* Project object */ = {
			isa = PBXProject;
			attributes = {
				LastSwiftUpdateCheck = 0920;
				LastUpgradeCheck = 0900;
				ORGANIZATIONNAME = "Mic Pringle";
				TargetAttributes = {
					7B8FA2381B72275A00B1E765 = {
						CreatedOnToolsVersion = 7.0;
						LastSwiftMigration = 0900;
						ProvisioningStyle = Manual;
					};
					D0CCBDAA207BEB1500CB955F = {
						CreatedOnToolsVersion = 9.2;
						ProvisioningStyle = Automatic;
					};
					D0CCBDB6207BEB1C00CB955F = {
						CreatedOnToolsVersion = 9.2;
						DevelopmentTeam = V8B9R2RU9C;
						ProvisioningStyle = Automatic;
					};
				};
			};
			buildConfigurationList = 7B8FA2341B72275A00B1E765 /* Build configuration list for PBXProject "AirAber" */;
			compatibilityVersion = "Xcode 3.2";
			developmentRegion = English;
			hasScannedForEncodings = 0;
			knownRegions = (
				en,
				Base,
			);
			mainGroup = 7B8FA2301B72275A00B1E765;
			productRefGroup = 7B8FA23A1B72275A00B1E765 /* Products */;
			projectDirPath = "";
			projectRoot = "";
			targets = (
				7B8FA2381B72275A00B1E765 /* AirAber */,
				D0CCBDAA207BEB1500CB955F /* watch */,
				D0CCBDB6207BEB1C00CB955F /* watch Extension */,
			);
		};
/* End PBXProject section */

/* Begin PBXResourcesBuildPhase section */
		7B8FA2371B72275A00B1E765 /* Resources */ = {
			isa = PBXResourcesBuildPhase;
			buildActionMask = 2147483647;
			files = (
				1800B8711FC1E26C00855EEC /* LaunchScreen.xib in Resources */,
				7B8FA27D1B724A7400B1E765 /* Flights.json in Resources */,
				7B8FA2441B72275A00B1E765 /* Assets.xcassets in Resources */,
				7B8FA2421B72275A00B1E765 /* Main.storyboard in Resources */,
			);
			runOnlyForDeploymentPostprocessing = 0;
		};
		D0CCBDA9207BEB1500CB955F /* Resources */ = {
			isa = PBXResourcesBuildPhase;
			buildActionMask = 2147483647;
			files = (
				D0CCBDB1207BEB1B00CB955F /* Assets.xcassets in Resources */,
				D0CCBDAF207BEB1A00CB955F /* Interface.storyboard in Resources */,
			);
			runOnlyForDeploymentPostprocessing = 0;
		};
		D0CCBDB5207BEB1C00CB955F /* Resources */ = {
			isa = PBXResourcesBuildPhase;
			buildActionMask = 2147483647;
			files = (
				D0CCBDC1207BEB2100CB955F /* Assets.xcassets in Resources */,
				D0CCBDCD207BECBC00CB955F /* Flights.json in Resources */,
			);
			runOnlyForDeploymentPostprocessing = 0;
		};
/* End PBXResourcesBuildPhase section */

/* Begin PBXSourcesBuildPhase section */
		7B8FA2351B72275A00B1E765 /* Sources */ = {
			isa = PBXSourcesBuildPhase;
			buildActionMask = 2147483647;
			files = (
				7B8FA2801B724A9900B1E765 /* Flight.swift in Sources */,
				7B8FA28D1B72893300B1E765 /* UIImageViewExtension.swift in Sources */,
				7B8FA23F1B72275A00B1E765 /* ViewController.swift in Sources */,
				7B8FA23D1B72275A00B1E765 /* AppDelegate.swift in Sources */,
				7B8FA28C1B72893300B1E765 /* QRCode.swift in Sources */,
			);
			runOnlyForDeploymentPostprocessing = 0;
		};
		D0CCBDB3207BEB1C00CB955F /* Sources */ = {
			isa = PBXSourcesBuildPhase;
			buildActionMask = 2147483647;
			files = (
				D0CCBDBF207BEB1F00CB955F /* ExtensionDelegate.swift in Sources */,
				D0CCBDD0207BF2F900CB955F /* FlightInterfaceController.swift in Sources */,
				D0CCBDCE207BECD300CB955F /* Flight.swift in Sources */,
			);
			runOnlyForDeploymentPostprocessing = 0;
		};
/* End PBXSourcesBuildPhase section */

/* Begin PBXTargetDependency section */
		D0CCBDBA207BEB1C00CB955F /* PBXTargetDependency */ = {
			isa = PBXTargetDependency;
			target = D0CCBDB6207BEB1C00CB955F /* watch Extension */;
			targetProxy = D0CCBDB9207BEB1C00CB955F /* PBXContainerItemProxy */;
		};
		D0CCBDC4207BEB2100CB955F /* PBXTargetDependency */ = {
			isa = PBXTargetDependency;
			target = D0CCBDAA207BEB1500CB955F /* watch */;
			targetProxy = D0CCBDC3207BEB2100CB955F /* PBXContainerItemProxy */;
		};
/* End PBXTargetDependency section */

/* Begin PBXVariantGroup section */
		7B8FA2401B72275A00B1E765 /* Main.storyboard */ = {
			isa = PBXVariantGroup;
			children = (
				7B8FA2411B72275A00B1E765 /* Base */,
			);
			name = Main.storyboard;
			sourceTree = "<group>";
		};
		D0CCBDAD207BEB1A00CB955F /* Interface.storyboard */ = {
			isa = PBXVariantGroup;
			children = (
				D0CCBDAE207BEB1A00CB955F /* Base */,
			);
			name = Interface.storyboard;
			sourceTree = "<group>";
		};
/* End PBXVariantGroup section */

/* Begin XCBuildConfiguration section */
		7B8FA2491B72275A00B1E765 /* Debug */ = {
			isa = XCBuildConfiguration;
			buildSettings = {
				ALWAYS_SEARCH_USER_PATHS = NO;
				CLANG_CXX_LANGUAGE_STANDARD = "gnu++0x";
				CLANG_CXX_LIBRARY = "libc++";
				CLANG_ENABLE_MODULES = YES;
				CLANG_ENABLE_OBJC_ARC = YES;
				CLANG_WARN_BLOCK_CAPTURE_AUTORELEASING = YES;
				CLANG_WARN_BOOL_CONVERSION = YES;
				CLANG_WARN_COMMA = YES;
				CLANG_WARN_CONSTANT_CONVERSION = YES;
				CLANG_WARN_DIRECT_OBJC_ISA_USAGE = YES_ERROR;
				CLANG_WARN_EMPTY_BODY = YES;
				CLANG_WARN_ENUM_CONVERSION = YES;
				CLANG_WARN_INFINITE_RECURSION = YES;
				CLANG_WARN_INT_CONVERSION = YES;
				CLANG_WARN_NON_LITERAL_NULL_CONVERSION = YES;
				CLANG_WARN_OBJC_LITERAL_CONVERSION = YES;
				CLANG_WARN_OBJC_ROOT_CLASS = YES_ERROR;
				CLANG_WARN_RANGE_LOOP_ANALYSIS = YES;
				CLANG_WARN_STRICT_PROTOTYPES = YES;
				CLANG_WARN_SUSPICIOUS_MOVE = YES;
				CLANG_WARN_UNREACHABLE_CODE = YES;
				CLANG_WARN__DUPLICATE_METHOD_MATCH = YES;
				"CODE_SIGN_IDENTITY[sdk=iphoneos*]" = "iPhone Developer";
				COPY_PHASE_STRIP = NO;
				DEBUG_INFORMATION_FORMAT = dwarf;
				ENABLE_STRICT_OBJC_MSGSEND = YES;
				ENABLE_TESTABILITY = YES;
				GCC_C_LANGUAGE_STANDARD = gnu99;
				GCC_DYNAMIC_NO_PIC = NO;
				GCC_NO_COMMON_BLOCKS = YES;
				GCC_OPTIMIZATION_LEVEL = 0;
				GCC_PREPROCESSOR_DEFINITIONS = (
					"DEBUG=1",
					"$(inherited)",
				);
				GCC_WARN_64_TO_32_BIT_CONVERSION = YES;
				GCC_WARN_ABOUT_RETURN_TYPE = YES_ERROR;
				GCC_WARN_UNDECLARED_SELECTOR = YES;
				GCC_WARN_UNINITIALIZED_AUTOS = YES_AGGRESSIVE;
				GCC_WARN_UNUSED_FUNCTION = YES;
				GCC_WARN_UNUSED_VARIABLE = YES;
				IPHONEOS_DEPLOYMENT_TARGET = 11.0;
				MTL_ENABLE_DEBUG_INFO = YES;
				ONLY_ACTIVE_ARCH = YES;
				SDKROOT = iphoneos;
				SWIFT_OPTIMIZATION_LEVEL = "-Onone";
			};
			name = Debug;
		};
		7B8FA24A1B72275A00B1E765 /* Release */ = {
			isa = XCBuildConfiguration;
			buildSettings = {
				ALWAYS_SEARCH_USER_PATHS = NO;
				CLANG_CXX_LANGUAGE_STANDARD = "gnu++0x";
				CLANG_CXX_LIBRARY = "libc++";
				CLANG_ENABLE_MODULES = YES;
				CLANG_ENABLE_OBJC_ARC = YES;
				CLANG_WARN_BLOCK_CAPTURE_AUTORELEASING = YES;
				CLANG_WARN_BOOL_CONVERSION = YES;
				CLANG_WARN_COMMA = YES;
				CLANG_WARN_CONSTANT_CONVERSION = YES;
				CLANG_WARN_DIRECT_OBJC_ISA_USAGE = YES_ERROR;
				CLANG_WARN_EMPTY_BODY = YES;
				CLANG_WARN_ENUM_CONVERSION = YES;
				CLANG_WARN_INFINITE_RECURSION = YES;
				CLANG_WARN_INT_CONVERSION = YES;
				CLANG_WARN_NON_LITERAL_NULL_CONVERSION = YES;
				CLANG_WARN_OBJC_LITERAL_CONVERSION = YES;
				CLANG_WARN_OBJC_ROOT_CLASS = YES_ERROR;
				CLANG_WARN_RANGE_LOOP_ANALYSIS = YES;
				CLANG_WARN_STRICT_PROTOTYPES = YES;
				CLANG_WARN_SUSPICIOUS_MOVE = YES;
				CLANG_WARN_UNREACHABLE_CODE = YES;
				CLANG_WARN__DUPLICATE_METHOD_MATCH = YES;
				"CODE_SIGN_IDENTITY[sdk=iphoneos*]" = "iPhone Developer";
				COPY_PHASE_STRIP = NO;
				DEBUG_INFORMATION_FORMAT = "dwarf-with-dsym";
				ENABLE_NS_ASSERTIONS = NO;
				ENABLE_STRICT_OBJC_MSGSEND = YES;
				GCC_C_LANGUAGE_STANDARD = gnu99;
				GCC_NO_COMMON_BLOCKS = YES;
				GCC_WARN_64_TO_32_BIT_CONVERSION = YES;
				GCC_WARN_ABOUT_RETURN_TYPE = YES_ERROR;
				GCC_WARN_UNDECLARED_SELECTOR = YES;
				GCC_WARN_UNINITIALIZED_AUTOS = YES_AGGRESSIVE;
				GCC_WARN_UNUSED_FUNCTION = YES;
				GCC_WARN_UNUSED_VARIABLE = YES;
				IPHONEOS_DEPLOYMENT_TARGET = 11.0;
				MTL_ENABLE_DEBUG_INFO = NO;
				SDKROOT = iphoneos;
				SWIFT_OPTIMIZATION_LEVEL = "-Owholemodule";
				VALIDATE_PRODUCT = YES;
			};
			name = Release;
		};
		7B8FA24C1B72275A00B1E765 /* Debug */ = {
			isa = XCBuildConfiguration;
			buildSettings = {
				ASSETCATALOG_COMPILER_APPICON_NAME = AppIcon;
				CODE_SIGN_STYLE = Manual;
				DEVELOPMENT_TEAM = "";
				INFOPLIST_FILE = AirAber/Info.plist;
				LD_RUNPATH_SEARCH_PATHS = "$(inherited) @executable_path/Frameworks";
				PRODUCT_BUNDLE_IDENTIFIER = com.raywenderlich.AirAber;
				PRODUCT_NAME = "$(TARGET_NAME)";
				PROVISIONING_PROFILE_SPECIFIER = "";
				SWIFT_SWIFT3_OBJC_INFERENCE = Default;
				SWIFT_VERSION = 4.0;
			};
			name = Debug;
		};
		7B8FA24D1B72275A00B1E765 /* Release */ = {
			isa = XCBuildConfiguration;
			buildSettings = {
				ASSETCATALOG_COMPILER_APPICON_NAME = AppIcon;
				CODE_SIGN_STYLE = Manual;
				DEVELOPMENT_TEAM = "";
				INFOPLIST_FILE = AirAber/Info.plist;
				LD_RUNPATH_SEARCH_PATHS = "$(inherited) @executable_path/Frameworks";
				PRODUCT_BUNDLE_IDENTIFIER = com.raywenderlich.AirAber;
				PRODUCT_NAME = "$(TARGET_NAME)";
				PROVISIONING_PROFILE_SPECIFIER = "";
				SWIFT_SWIFT3_OBJC_INFERENCE = Default;
				SWIFT_VERSION = 4.0;
			};
			name = Release;
		};
		D0CCBDC6207BEB2100CB955F /* Debug */ = {
			isa = XCBuildConfiguration;
			buildSettings = {
				ALWAYS_EMBED_SWIFT_STANDARD_LIBRARIES = YES;
				ASSETCATALOG_COMPILER_APPICON_NAME = AppIcon;
				CLANG_ANALYZER_NONNULL = YES;
				CLANG_ANALYZER_NUMBER_OBJECT_CONVERSION = YES_AGGRESSIVE;
				CLANG_CXX_LANGUAGE_STANDARD = "gnu++14";
				CLANG_WARN_DOCUMENTATION_COMMENTS = YES;
				CLANG_WARN_UNGUARDED_AVAILABILITY = YES_AGGRESSIVE;
				CODE_SIGN_STYLE = Automatic;
				DEVELOPMENT_TEAM = "";
				GCC_C_LANGUAGE_STANDARD = gnu11;
				IBSC_MODULE = watch_Extension;
				INFOPLIST_FILE = watch/Info.plist;
				PRODUCT_BUNDLE_IDENTIFIER = com.raywenderlich.AirAber.watchkitapp;
				PRODUCT_NAME = "$(TARGET_NAME)";
				SDKROOT = watchos;
				SKIP_INSTALL = YES;
				SWIFT_ACTIVE_COMPILATION_CONDITIONS = DEBUG;
				SWIFT_VERSION = 4.0;
				TARGETED_DEVICE_FAMILY = 4;
				WATCHOS_DEPLOYMENT_TARGET = 4.2;
			};
			name = Debug;
		};
		D0CCBDC7207BEB2100CB955F /* Release */ = {
			isa = XCBuildConfiguration;
			buildSettings = {
				ALWAYS_EMBED_SWIFT_STANDARD_LIBRARIES = YES;
				ASSETCATALOG_COMPILER_APPICON_NAME = AppIcon;
				CLANG_ANALYZER_NONNULL = YES;
				CLANG_ANALYZER_NUMBER_OBJECT_CONVERSION = YES_AGGRESSIVE;
				CLANG_CXX_LANGUAGE_STANDARD = "gnu++14";
				CLANG_WARN_DOCUMENTATION_COMMENTS = YES;
				CLANG_WARN_UNGUARDED_AVAILABILITY = YES_AGGRESSIVE;
				CODE_SIGN_STYLE = Automatic;
				DEVELOPMENT_TEAM = "";
				GCC_C_LANGUAGE_STANDARD = gnu11;
				IBSC_MODULE = watch_Extension;
				INFOPLIST_FILE = watch/Info.plist;
				PRODUCT_BUNDLE_IDENTIFIER = com.raywenderlich.AirAber.watchkitapp;
				PRODUCT_NAME = "$(TARGET_NAME)";
				SDKROOT = watchos;
				SKIP_INSTALL = YES;
				SWIFT_VERSION = 4.0;
				TARGETED_DEVICE_FAMILY = 4;
				WATCHOS_DEPLOYMENT_TARGET = 4.2;
			};
			name = Release;
		};
		D0CCBDC8207BEB2100CB955F /* Debug */ = {
			isa = XCBuildConfiguration;
			buildSettings = {
				ASSETCATALOG_COMPILER_COMPLICATION_NAME = Complication;
				CLANG_ANALYZER_NONNULL = YES;
				CLANG_ANALYZER_NUMBER_OBJECT_CONVERSION = YES_AGGRESSIVE;
				CLANG_CXX_LANGUAGE_STANDARD = "gnu++14";
				CLANG_WARN_DOCUMENTATION_COMMENTS = YES;
				CLANG_WARN_UNGUARDED_AVAILABILITY = YES_AGGRESSIVE;
				CODE_SIGN_STYLE = Automatic;
				DEVELOPMENT_TEAM = V8B9R2RU9C;
				GCC_C_LANGUAGE_STANDARD = gnu11;
				INFOPLIST_FILE = "watch Extension/Info.plist";
				LD_RUNPATH_SEARCH_PATHS = "$(inherited) @executable_path/Frameworks @executable_path/../../Frameworks";
				PRODUCT_BUNDLE_IDENTIFIER = com.raywenderlich.AirAber.watchkitapp.watchkitextension;
				PRODUCT_NAME = "${TARGET_NAME}";
				SDKROOT = watchos;
				SKIP_INSTALL = YES;
				SWIFT_ACTIVE_COMPILATION_CONDITIONS = DEBUG;
				SWIFT_VERSION = 4.0;
				TARGETED_DEVICE_FAMILY = 4;
				WATCHOS_DEPLOYMENT_TARGET = 4.2;
			};
			name = Debug;
		};
		D0CCBDC9207BEB2100CB955F /* Release */ = {
			isa = XCBuildConfiguration;
			buildSettings = {
				ASSETCATALOG_COMPILER_COMPLICATION_NAME = Complication;
				CLANG_ANALYZER_NONNULL = YES;
				CLANG_ANALYZER_NUMBER_OBJECT_CONVERSION = YES_AGGRESSIVE;
				CLANG_CXX_LANGUAGE_STANDARD = "gnu++14";
				CLANG_WARN_DOCUMENTATION_COMMENTS = YES;
				CLANG_WARN_UNGUARDED_AVAILABILITY = YES_AGGRESSIVE;
				CODE_SIGN_STYLE = Automatic;
				DEVELOPMENT_TEAM = V8B9R2RU9C;
				GCC_C_LANGUAGE_STANDARD = gnu11;
				INFOPLIST_FILE = "watch Extension/Info.plist";
				LD_RUNPATH_SEARCH_PATHS = "$(inherited) @executable_path/Frameworks @executable_path/../../Frameworks";
				PRODUCT_BUNDLE_IDENTIFIER = com.raywenderlich.AirAber.watchkitapp.watchkitextension;
				PRODUCT_NAME = "${TARGET_NAME}";
				SDKROOT = watchos;
				SKIP_INSTALL = YES;
				SWIFT_VERSION = 4.0;
				TARGETED_DEVICE_FAMILY = 4;
				WATCHOS_DEPLOYMENT_TARGET = 4.2;
			};
			name = Release;
		};
/* End XCBuildConfiguration section */

/* Begin XCConfigurationList section */
		7B8FA2341B72275A00B1E765 /* Build configuration list for PBXProject "AirAber" */ = {
			isa = XCConfigurationList;
			buildConfigurations = (
				7B8FA2491B72275A00B1E765 /* Debug */,
				7B8FA24A1B72275A00B1E765 /* Release */,
			);
			defaultConfigurationIsVisible = 0;
			defaultConfigurationName = Release;
		};
		7B8FA24B1B72275A00B1E765 /* Build configuration list for PBXNativeTarget "AirAber" */ = {
			isa = XCConfigurationList;
			buildConfigurations = (
				7B8FA24C1B72275A00B1E765 /* Debug */,
				7B8FA24D1B72275A00B1E765 /* Release */,
			);
			defaultConfigurationIsVisible = 0;
			defaultConfigurationName = Release;
		};
		D0CCBDCA207BEB2100CB955F /* Build configuration list for PBXNativeTarget "watch Extension" */ = {
			isa = XCConfigurationList;
			buildConfigurations = (
				D0CCBDC8207BEB2100CB955F /* Debug */,
				D0CCBDC9207BEB2100CB955F /* Release */,
			);
			defaultConfigurationIsVisible = 0;
			defaultConfigurationName = Release;
		};
		D0CCBDCC207BEB2200CB955F /* Build configuration list for PBXNativeTarget "watch" */ = {
			isa = XCConfigurationList;
			buildConfigurations = (
				D0CCBDC6207BEB2100CB955F /* Debug */,
				D0CCBDC7207BEB2100CB955F /* Release */,
			);
			defaultConfigurationIsVisible = 0;
			defaultConfigurationName = Release;
		};
/* End XCConfigurationList section */
	};
	rootObject = 7B8FA2311B72275A00B1E765 /* Project object */;
}
